{
  "name": "flutter_application_4",
  "lockfileVersion": 2,
  "requires": true,
  "packages": {
    "": {
      "dependencies": {
        "diacritic": "^0.0.2"
      }
    },
    "node_modules/diacritic": {
      "version": "0.0.2",
      "resolved": "https://registry.npmjs.org/diacritic/-/diacritic-0.0.2.tgz",
      "integrity": "sha512-iQCeDkSPwkfwWPr+HZZ49WRrM2FSI9097Q9w7agyRCdLcF9Eh2Ek0sHKcmMWx2oZVBjRBE/sziGFjZu0uf1Jbg=="
    }
  },
  "dependencies": {
    "diacritic": {
      "version": "0.0.2",
      "resolved": "https://registry.npmjs.org/diacritic/-/diacritic-0.0.2.tgz",
      "integrity": "sha512-iQCeDkSPwkfwWPr+HZZ49WRrM2FSI9097Q9w7agyRCdLcF9Eh2Ek0sHKcmMWx2oZVBjRBE/sziGFjZu0uf1Jbg=="
    }
  }
}
